
Microsoft Visual Studio Solution File, Format Version 12.00
# Visual Studio Version 17
VisualStudioVersion = 17.10.35013.160
MinimumVisualStudioVersion = 10.0.40219.1
Project("{FAE04EC0-301F-11D3-BF4B-00C04F79EFBC}") = "Chef.Log4Net.AdoNetAppender", "Chef.Log4Net.AdoNetAppender\Chef.Log4Net.AdoNetAppender.csproj", "{AEE4BC07-F347-4A81-BD35-323C25111C52}"
EndProject
Global
	GlobalSection(SolutionConfigurationPlatforms) = preSolution
		Debug|Any CPU = Debug|Any CPU
		Release|Any CPU = Release|Any CPU
	EndGlobalSection
	GlobalSection(ProjectConfigurationPlatforms) = postSolution
		{AEE4BC07-F347-4A81-BD35-323C25111C52}.Debug|Any CPU.ActiveCfg = Debug|Any CPU
		{AEE4BC07-F347-4A81-BD35-323C25111C52}.Debug|Any CPU.Build.0 = Debug|Any CPU
		{AEE4BC07-F347-4A81-BD35-323C25111C52}.Release|Any CPU.ActiveCfg = Release|Any CPU
		{AEE4BC07-F347-4A81-BD35-323C25111C52}.Release|Any CPU.Build.0 = Release|Any CPU
	EndGlobalSection
	GlobalSection(SolutionProperties) = preSolution
		HideSolutionNode = FALSE
	EndGlobalSection
	GlobalSection(ExtensibilityGlobals) = postSolution
		SolutionGuid = {5A875D5B-1487-4054-BC25-D0F26524D87E}
	EndGlobalSection
EndGlobal
